// !$*UTF8*$!
{
	archiveVersion = 1;
	classes = {
	};
	objectVersion = 46;
	objects = {

/* Begin PBXBuildFile section */
		D84748A31BDAE14F00DC6CF7 /* DisplayItemVC.m in Sources */ = {isa = PBXBuildFile; fileRef = D84748A21BDAE14F00DC6CF7 /* DisplayItemVC.m */; settings = {ASSET_TAGS = (); }; };
		D8DD54921BDAA16F0052C275 /* main.m in Sources */ = {isa = PBXBuildFile; fileRef = D8DD54911BDAA16F0052C275 /* main.m */; };
		D8DD54951BDAA16F0052C275 /* AppDelegate.m in Sources */ = {isa = PBXBuildFile; fileRef = D8DD54941BDAA16F0052C275 /* AppDelegate.m */; };
		D8DD54981BDAA16F0052C275 /* ViewController.m in Sources */ = {isa = PBXBuildFile; fileRef = D8DD54971BDAA16F0052C275 /* ViewController.m */; };
		D8DD549B1BDAA16F0052C275 /* Main.storyboard in Resources */ = {isa = PBXBuildFile; fileRef = D8DD54991BDAA16F0052C275 /* Main.storyboard */; };
		D8DD549D1BDAA16F0052C275 /* Assets.xcassets in Resources */ = {isa = PBXBuildFile; fileRef = D8DD549C1BDAA16F0052C275 /* Assets.xcassets */; };
		D8DD54A01BDAA16F0052C275 /* LaunchScreen.storyboard in Resources */ = {isa = PBXBuildFile; fileRef = D8DD549E1BDAA16F0052C275 /* LaunchScreen.storyboard */; };
		D8DD54AB1BDAA16F0052C275 /* FridayChallengeWeek4Tests.m in Sources */ = {isa = PBXBuildFile; fileRef = D8DD54AA1BDAA16F0052C275 /* FridayChallengeWeek4Tests.m */; };
		D8DD54B61BDAA16F0052C275 /* FridayChallengeWeek4UITests.m in Sources */ = {isa = PBXBuildFile; fileRef = D8DD54B51BDAA16F0052C275 /* FridayChallengeWeek4UITests.m */; };
		D8DD54C51BDAA33F0052C275 /* DisplayTableVC.m in Sources */ = {isa = PBXBuildFile; fileRef = D8DD54C41BDAA33F0052C275 /* DisplayTableVC.m */; settings = {ASSET_TAGS = (); }; };
		D8DD54C81BDAB8B30052C275 /* AddItemVC.m in Sources */ = {isa = PBXBuildFile; fileRef = D8DD54C71BDAB8B30052C275 /* AddItemVC.m */; settings = {ASSET_TAGS = (); }; };
/* End PBXBuildFile section */

/* Begin PBXContainerItemProxy section */
		D8DD54A71BDAA16F0052C275 /* PBXContainerItemProxy */ = {
			isa = PBXContainerItemProxy;
			containerPortal = D8DD54851BDAA16F0052C275 /* Project object */;
			proxyType = 1;
			remoteGlobalIDString = D8DD548C1BDAA16F0052C275;
			remoteInfo = FridayChallengeWeek4;
		};
		D8DD54B21BDAA16F0052C275 /* PBXContainerItemProxy */ = {
			isa = PBXContainerItemProxy;
			containerPortal = D8DD54851BDAA16F0052C275 /* Project object */;
			proxyType = 1;
			remoteGlobalIDString = D8DD548C1BDAA16F0052C275;
			remoteInfo = FridayChallengeWeek4;
		};
/* End PBXContainerItemProxy section */

/* Begin PBXFileReference section */
		D84748A11BDAE14F00DC6CF7 /* DisplayItemVC.h */ = {isa = PBXFileReference; fileEncoding = 4; lastKnownFileType = sourcecode.c.h; path = DisplayItemVC.h; sourceTree = "<group>"; };
		D84748A21BDAE14F00DC6CF7 /* DisplayItemVC.m */ = {isa = PBXFileReference; fileEncoding = 4; lastKnownFileType = sourcecode.c.objc; path = DisplayItemVC.m; sourceTree = "<group>"; };
		D84748A41BDAEE5200DC6CF7 /* ModifyArrayDelegate.h */ = {isa = PBXFileReference; lastKnownFileType = sourcecode.c.h; path = ModifyArrayDelegate.h; sourceTree = "<group>"; };
		D8DD548D1BDAA16F0052C275 /* FridayChallengeWeek4.app */ = {isa = PBXFileReference; explicitFileType = wrapper.application; includeInIndex = 0; path = FridayChallengeWeek4.app; sourceTree = BUILT_PRODUCTS_DIR; };
		D8DD54911BDAA16F0052C275 /* main.m */ = {isa = PBXFileReference; lastKnownFileType = sourcecode.c.objc; path = main.m; sourceTree = "<group>"; };
		D8DD54931BDAA16F0052C275 /* AppDelegate.h */ = {isa = PBXFileReference; lastKnownFileType = sourcecode.c.h; path = AppDelegate.h; sourceTree = "<group>"; };
		D8DD54941BDAA16F0052C275 /* AppDelegate.m */ = {isa = PBXFileReference; lastKnownFileType = sourcecode.c.objc; path = AppDelegate.m; sourceTree = "<group>"; };
		D8DD54961BDAA16F0052C275 /* ViewController.h */ = {isa = PBXFileReference; lastKnownFileType = sourcecode.c.h; path = ViewController.h; sourceTree = "<group>"; };
		D8DD54971BDAA16F0052C275 /* ViewController.m */ = {isa = PBXFileReference; lastKnownFileType = sourcecode.c.objc; path = ViewController.m; sourceTree = "<group>"; };
		D8DD549A1BDAA16F0052C275 /* Base */ = {isa = PBXFileReference; lastKnownFileType = file.storyboard; name = Base; path = Base.lproj/Main.storyboard; sourceTree = "<group>"; };
		D8DD549C1BDAA16F0052C275 /* Assets.xcassets */ = {isa = PBXFileReference; lastKnownFileType = folder.assetcatalog; path = Assets.xcassets; sourceTree = "<group>"; };
		D8DD549F1BDAA16F0052C275 /* Base */ = {isa = PBXFileReference; lastKnownFileType = file.storyboard; name = Base; path = Base.lproj/LaunchScreen.storyboard; sourceTree = "<group>"; };
		D8DD54A11BDAA16F0052C275 /* Info.plist */ = {isa = PBXFileReference; lastKnownFileType = text.plist.xml; path = Info.plist; sourceTree = "<group>"; };
		D8DD54A61BDAA16F0052C275 /* FridayChallengeWeek4Tests.xctest */ = {isa = PBXFileReference; explicitFileType = wrapper.cfbundle; includeInIndex = 0; path = FridayChallengeWeek4Tests.xctest; sourceTree = BUILT_PRODUCTS_DIR; };
		D8DD54AA1BDAA16F0052C275 /* FridayChallengeWeek4Tests.m */ = {isa = PBXFileReference; lastKnownFileType = sourcecode.c.objc; path = FridayChallengeWeek4Tests.m; sourceTree = "<group>"; };
		D8DD54AC1BDAA16F0052C275 /* Info.plist */ = {isa = PBXFileReference; lastKnownFileType = text.plist.xml; path = Info.plist; sourceTree = "<group>"; };
		D8DD54B11BDAA16F0052C275 /* FridayChallengeWeek4UITests.xctest */ = {isa = PBXFileReference; explicitFileType = wrapper.cfbundle; includeInIndex = 0; path = FridayChallengeWeek4UITests.xctest; sourceTree = BUILT_PRODUCTS_DIR; };
		D8DD54B51BDAA16F0052C275 /* FridayChallengeWeek4UITests.m */ = {isa = PBXFileReference; lastKnownFileType = sourcecode.c.objc; path = FridayChallengeWeek4UITests.m; sourceTree = "<group>"; };
		D8DD54B71BDAA16F0052C275 /* Info.plist */ = {isa = PBXFileReference; lastKnownFileType = text.plist.xml; path = Info.plist; sourceTree = "<group>"; };
		D8DD54C31BDAA33F0052C275 /* DisplayTableVC.h */ = {isa = PBXFileReference; fileEncoding = 4; lastKnownFileType = sourcecode.c.h; path = DisplayTableVC.h; sourceTree = "<group>"; };
		D8DD54C41BDAA33F0052C275 /* DisplayTableVC.m */ = {isa = PBXFileReference; fileEncoding = 4; lastKnownFileType = sourcecode.c.objc; path = DisplayTableVC.m; sourceTree = "<group>"; };
		D8DD54C61BDAB8B30052C275 /* AddItemVC.h */ = {isa = PBXFileReference; fileEncoding = 4; lastKnownFileType = sourcecode.c.h; path = AddItemVC.h; sourceTree = "<group>"; };
		D8DD54C71BDAB8B30052C275 /* AddItemVC.m */ = {isa = PBXFileReference; fileEncoding = 4; lastKnownFileType = sourcecode.c.objc; path = AddItemVC.m; sourceTree = "<group>"; };
/* End PBXFileReference section */

/* Begin PBXFrameworksBuildPhase section */
		D8DD548A1BDAA16F0052C275 /* Frameworks */ = {
			isa = PBXFrameworksBuildPhase;
			buildActionMask = 2147483647;
			files = (
			);
			runOnlyForDeploymentPostprocessing = 0;
		};
		D8DD54A31BDAA16F0052C275 /* Frameworks */ = {
			isa = PBXFrameworksBuildPhase;
			buildActionMask = 2147483647;
			files = (
			);
			runOnlyForDeploymentPostprocessing = 0;
		};
		D8DD54AE1BDAA16F0052C275 /* Frameworks */ = {
			isa = PBXFrameworksBuildPhase;
			buildActionMask = 2147483647;
			files = (
			);
			runOnlyForDeploymentPostprocessing = 0;
		};
/* End PBXFrameworksBuildPhase section */

/* Begin PBXGroup section */
		D84748A51BDC35AD00DC6CF7 /* View Controllers */ = {
			isa = PBXGroup;
			children = (
				D8DD54961BDAA16F0052C275 /* ViewController.h */,
				D8DD54971BDAA16F0052C275 /* ViewController.m */,
				D8DD54C31BDAA33F0052C275 /* DisplayTableVC.h */,
				D8DD54C41BDAA33F0052C275 /* DisplayTableVC.m */,
				D8DD54C61BDAB8B30052C275 /* AddItemVC.h */,
				D8DD54C71BDAB8B30052C275 /* AddItemVC.m */,
				D84748A11BDAE14F00DC6CF7 /* DisplayItemVC.h */,
				D84748A21BDAE14F00DC6CF7 /* DisplayItemVC.m */,
			);
			name = "View Controllers";
			sourceTree = "<group>";
		};
		D8DD54841BDAA16F0052C275 = {
			isa = PBXGroup;
			children = (
				D8DD548F1BDAA16F0052C275 /* FridayChallengeWeek4 */,
				D8DD54A91BDAA16F0052C275 /* FridayChallengeWeek4Tests */,
				D8DD54B41BDAA16F0052C275 /* FridayChallengeWeek4UITests */,
				D8DD548E1BDAA16F0052C275 /* Products */,
			);
			sourceTree = "<group>";
		};
		D8DD548E1BDAA16F0052C275 /* Products */ = {
			isa = PBXGroup;
			children = (
				D8DD548D1BDAA16F0052C275 /* FridayChallengeWeek4.app */,
				D8DD54A61BDAA16F0052C275 /* FridayChallengeWeek4Tests.xctest */,
				D8DD54B11BDAA16F0052C275 /* FridayChallengeWeek4UITests.xctest */,
			);
			name = Products;
			sourceTree = "<group>";
		};
		D8DD548F1BDAA16F0052C275 /* FridayChallengeWeek4 */ = {
			isa = PBXGroup;
			children = (
				D8DD54931BDAA16F0052C275 /* AppDelegate.h */,
				D8DD54941BDAA16F0052C275 /* AppDelegate.m */,
				D84748A41BDAEE5200DC6CF7 /* ModifyArrayDelegate.h */,
				D8DD54991BDAA16F0052C275 /* Main.storyboard */,
				D84748A51BDC35AD00DC6CF7 /* View Controllers */,
				D8DD549C1BDAA16F0052C275 /* Assets.xcassets */,
				D8DD549E1BDAA16F0052C275 /* LaunchScreen.storyboard */,
				D8DD54A11BDAA16F0052C275 /* Info.plist */,
				D8DD54901BDAA16F0052C275 /* Supporting Files */,
			);
			path = FridayChallengeWeek4;
			sourceTree = "<group>";
		};
		D8DD54901BDAA16F0052C275 /* Supporting Files */ = {
			isa = PBXGroup;
			children = (
				D8DD54911BDAA16F0052C275 /* main.m */,
			);
			name = "Supporting Files";
			sourceTree = "<group>";
		};
		D8DD54A91BDAA16F0052C275 /* FridayChallengeWeek4Tests */ = {
			isa = PBXGroup;
			children = (
				D8DD54AA1BDAA16F0052C275 /* FridayChallengeWeek4Tests.m */,
				D8DD54AC1BDAA16F0052C275 /* Info.plist */,
			);
			path = FridayChallengeWeek4Tests;
			sourceTree = "<group>";
		};
		D8DD54B41BDAA16F0052C275 /* FridayChallengeWeek4UITests */ = {
			isa = PBXGroup;
			children = (
				D8DD54B51BDAA16F0052C275 /* FridayChallengeWeek4UITests.m */,
				D8DD54B71BDAA16F0052C275 /* Info.plist */,
			);
			path = FridayChallengeWeek4UITests;
			sourceTree = "<group>";
		};
/* End PBXGroup section */

/* Begin PBXNativeTarget section */
		D8DD548C1BDAA16F0052C275 /* FridayChallengeWeek4 */ = {
			isa = PBXNativeTarget;
			buildConfigurationList = D8DD54BA1BDAA16F0052C275 /* Build configuration list for PBXNativeTarget "FridayChallengeWeek4" */;
			buildPhases = (
				D8DD54891BDAA16F0052C275 /* Sources */,
				D8DD548A1BDAA16F0052C275 /* Frameworks */,
				D8DD548B1BDAA16F0052C275 /* Resources */,
			);
			buildRules = (
			);
			dependencies = (
			);
			name = FridayChallengeWeek4;
			productName = FridayChallengeWeek4;
			productReference = D8DD548D1BDAA16F0052C275 /* FridayChallengeWeek4.app */;
			productType = "com.apple.product-type.application";
		};
		D8DD54A51BDAA16F0052C275 /* FridayChallengeWeek4Tests */ = {
			isa = PBXNativeTarget;
			buildConfigurationList = D8DD54BD1BDAA16F0052C275 /* Build configuration list for PBXNativeTarget "FridayChallengeWeek4Tests" */;
			buildPhases = (
				D8DD54A21BDAA16F0052C275 /* Sources */,
				D8DD54A31BDAA16F0052C275 /* Frameworks */,
				D8DD54A41BDAA16F0052C275 /* Resources */,
			);
			buildRules = (
			);
			dependencies = (
				D8DD54A81BDAA16F0052C275 /* PBXTargetDependency */,
			);
			name = FridayChallengeWeek4Tests;
			productName = FridayChallengeWeek4Tests;
			productReference = D8DD54A61BDAA16F0052C275 /* FridayChallengeWeek4Tests.xctest */;
			productType = "com.apple.product-type.bundle.unit-test";
		};
		D8DD54B01BDAA16F0052C275 /* FridayChallengeWeek4UITests */ = {
			isa = PBXNativeTarget;
			buildConfigurationList = D8DD54C01BDAA16F0052C275 /* Build configuration list for PBXNativeTarget "FridayChallengeWeek4UITests" */;
			buildPhases = (
				D8DD54AD1BDAA16F0052C275 /* Sources */,
				D8DD54AE1BDAA16F0052C275 /* Frameworks */,
				D8DD54AF1BDAA16F0052C275 /* Resources */,
			);
			buildRules = (
			);
			dependencies = (
				D8DD54B31BDAA16F0052C275 /* PBXTargetDependency */,
			);
			name = FridayChallengeWeek4UITests;
			productName = FridayChallengeWeek4UITests;
			productReference = D8DD54B11BDAA16F0052C275 /* FridayChallengeWeek4UITests.xctest */;
			productType = "com.apple.product-type.bundle.ui-testing";
		};
/* End PBXNativeTarget section */

/* Begin PBXProject section */
		D8DD54851BDAA16F0052C275 /* Project object */ = {
			isa = PBXProject;
			attributes = {
				LastUpgradeCheck = 0700;
				ORGANIZATIONNAME = "Bit Lore Institute";
				TargetAttributes = {
					D8DD548C1BDAA16F0052C275 = {
						CreatedOnToolsVersion = 7.0.1;
						DevelopmentTeam = H8T743Z4MU;
					};
					D8DD54A51BDAA16F0052C275 = {
						CreatedOnToolsVersion = 7.0.1;
						DevelopmentTeam = H8T743Z4MU;
						TestTargetID = D8DD548C1BDAA16F0052C275;
					};
					D8DD54B01BDAA16F0052C275 = {
						CreatedOnToolsVersion = 7.0.1;
						DevelopmentTeam = H8T743Z4MU;
						TestTargetID = D8DD548C1BDAA16F0052C275;
					};
				};
			};
			buildConfigurationList = D8DD54881BDAA16F0052C275 /* Build configuration list for PBXProject "FridayChallengeWeek4" */;
			compatibilityVersion = "Xcode 3.2";
			developmentRegion = English;
			hasScannedForEncodings = 0;
			knownRegions = (
				en,
				Base,
			);
			mainGroup = D8DD54841BDAA16F0052C275;
			productRefGroup = D8DD548E1BDAA16F0052C275 /* Products */;
			projectDirPath = "";
			projectRoot = "";
			targets = (
				D8DD548C1BDAA16F0052C275 /* FridayChallengeWeek4 */,
				D8DD54A51BDAA16F0052C275 /* FridayChallengeWeek4Tests */,
				D8DD54B01BDAA16F0052C275 /* FridayChallengeWeek4UITests */,
			);
		};
/* End PBXProject section */

/* Begin PBXResourcesBuildPhase section */
		D8DD548B1BDAA16F0052C275 /* Resources */ = {
			isa = PBXResourcesBuildPhase;
			buildActionMask = 2147483647;
			files = (
				D8DD54A01BDAA16F0052C275 /* LaunchScreen.storyboard in Resources */,
				D8DD549D1BDAA16F0052C275 /* Assets.xcassets in Resources */,
				D8DD549B1BDAA16F0052C275 /* Main.storyboard in Resources */,
			);
			runOnlyForDeploymentPostprocessing = 0;
		};
		D8DD54A41BDAA16F0052C275 /* Resources */ = {
			isa = PBXResourcesBuildPhase;
			buildActionMask = 2147483647;
			files = (
			);
			runOnlyForDeploymentPostprocessing = 0;
		};
		D8DD54AF1BDAA16F0052C275 /* Resources */ = {
			isa = PBXResourcesBuildPhase;
			buildActionMask = 2147483647;
			files = (
			);
			runOnlyForDeploymentPostprocessing = 0;
		};
/* End PBXResourcesBuildPhase section */

/* Begin PBXSourcesBuildPhase section */
		D8DD54891BDAA16F0052C275 /* Sources */ = {
			isa = PBXSourcesBuildPhase;
			buildActionMask = 2147483647;
			files = (
				D8DD54981BDAA16F0052C275 /* ViewController.m in Sources */,
				D8DD54951BDAA16F0052C275 /* AppDelegate.m in Sources */,
				D8DD54C81BDAB8B30052C275 /* AddItemVC.m in Sources */,
				D8DD54C51BDAA33F0052C275 /* DisplayTableVC.m in Sources */,
				D84748A31BDAE14F00DC6CF7 /* DisplayItemVC.m in Sources */,
				D8DD54921BDAA16F0052C275 /* main.m in Sources */,
			);
			runOnlyForDeploymentPostprocessing = 0;
		};
		D8DD54A21BDAA16F0052C275 /* Sources */ = {
			isa = PBXSourcesBuildPhase;
			buildActionMask = 2147483647;
			files = (
				D8DD54AB1BDAA16F0052C275 /* FridayChallengeWeek4Tests.m in Sources */,
			);
			runOnlyForDeploymentPostprocessing = 0;
		};
		D8DD54AD1BDAA16F0052C275 /* Sources */ = {
			isa = PBXSourcesBuildPhase;
			buildActionMask = 2147483647;
			files = (
				D8DD54B61BDAA16F0052C275 /* FridayChallengeWeek4UITests.m in Sources */,
			);
			runOnlyForDeploymentPostprocessing = 0;
		};
/* End PBXSourcesBuildPhase section */

/* Begin PBXTargetDependency section */
		D8DD54A81BDAA16F0052C275 /* PBXTargetDependency */ = {
			isa = PBXTargetDependency;
			target = D8DD548C1BDAA16F0052C275 /* FridayChallengeWeek4 */;
			targetProxy = D8DD54A71BDAA16F0052C275 /* PBXContainerItemProxy */;
		};
		D8DD54B31BDAA16F0052C275 /* PBXTargetDependency */ = {
			isa = PBXTargetDependency;
			target = D8DD548C1BDAA16F0052C275 /* FridayChallengeWeek4 */;
			targetProxy = D8DD54B21BDAA16F0052C275 /* PBXContainerItemProxy */;
		};
/* End PBXTargetDependency section */

/* Begin PBXVariantGroup section */
		D8DD54991BDAA16F0052C275 /* Main.storyboard */ = {
			isa = PBXVariantGroup;
			children = (
				D8DD549A1BDAA16F0052C275 /* Base */,
			);
			name = Main.storyboard;
			sourceTree = "<group>";
		};
		D8DD549E1BDAA16F0052C275 /* LaunchScreen.storyboard */ = {
			isa = PBXVariantGroup;
			children = (
				D8DD549F1BDAA16F0052C275 /* Base */,
			);
			name = LaunchScreen.storyboard;
			sourceTree = "<group>";
		};
/* End PBXVariantGroup section */

/* Begin XCBuildConfiguration section */
		D8DD54B81BDAA16F0052C275 /* Debug */ = {
			isa = XCBuildConfiguration;
			buildSettings = {
				ALWAYS_SEARCH_USER_PATHS = NO;
				CLANG_CXX_LANGUAGE_STANDARD = "gnu++0x";
				CLANG_CXX_LIBRARY = "libc++";
				CLANG_ENABLE_MODULES = YES;
				CLANG_ENABLE_OBJC_ARC = YES;
				CLANG_WARN_BOOL_CONVERSION = YES;
				CLANG_WARN_CONSTANT_CONVERSION = YES;
				CLANG_WARN_DIRECT_OBJC_ISA_USAGE = YES_ERROR;
				CLANG_WARN_EMPTY_BODY = YES;
				CLANG_WARN_ENUM_CONVERSION = YES;
				CLANG_WARN_INT_CONVERSION = YES;
				CLANG_WARN_OBJC_ROOT_CLASS = YES_ERROR;
				CLANG_WARN_UNREACHABLE_CODE = YES;
				CLANG_WARN__DUPLICATE_METHOD_MATCH = YES;
				"CODE_SIGN_IDENTITY[sdk=iphoneos*]" = "iPhone Developer";
				COPY_PHASE_STRIP = NO;
				DEBUG_INFORMATION_FORMAT = dwarf;
				ENABLE_STRICT_OBJC_MSGSEND = YES;
				ENABLE_TESTABILITY = YES;
				GCC_C_LANGUAGE_STANDARD = gnu99;
				GCC_DYNAMIC_NO_PIC = NO;
				GCC_NO_COMMON_BLOCKS = YES;
				GCC_OPTIMIZATION_LEVEL = 0;
				GCC_PREPROCESSOR_DEFINITIONS = (
					"DEBUG=1",
					"$(inherited)",
				);
				GCC_WARN_64_TO_32_BIT_CONVERSION = YES;
				GCC_WARN_ABOUT_RETURN_TYPE = YES_ERROR;
				GCC_WARN_UNDECLARED_SELECTOR = YES;
				GCC_WARN_UNINITIALIZED_AUTOS = YES_AGGRESSIVE;
				GCC_WARN_UNUSED_FUNCTION = YES;
				GCC_WARN_UNUSED_VARIABLE = YES;
				IPHONEOS_DEPLOYMENT_TARGET = 9.0;
				MTL_ENABLE_DEBUG_INFO = YES;
				ONLY_ACTIVE_ARCH = YES;
				SDKROOT = iphoneos;
			};
			name = Debug;
		};
		D8DD54B91BDAA16F0052C275 /* Release */ = {
			isa = XCBuildConfiguration;
			buildSettings = {
				ALWAYS_SEARCH_USER_PATHS = NO;
				CLANG_CXX_LANGUAGE_STANDARD = "gnu++0x";
				CLANG_CXX_LIBRARY = "libc++";
				CLANG_ENABLE_MODULES = YES;
				CLANG_ENABLE_OBJC_ARC = YES;
				CLANG_WARN_BOOL_CONVERSION = YES;
				CLANG_WARN_CONSTANT_CONVERSION = YES;
				CLANG_WARN_DIRECT_OBJC_ISA_USAGE = YES_ERROR;
				CLANG_WARN_EMPTY_BODY = YES;
				CLANG_WARN_ENUM_CONVERSION = YES;
				CLANG_WARN_INT_CONVERSION = YES;
				CLANG_WARN_OBJC_ROOT_CLASS = YES_ERROR;
				CLANG_WARN_UNREACHABLE_CODE = YES;
				CLANG_WARN__DUPLICATE_METHOD_MATCH = YES;
				"CODE_SIGN_IDENTITY[sdk=iphoneos*]" = "iPhone Developer";
				COPY_PHASE_STRIP = NO;
				DEBUG_INFORMATION_FORMAT = "dwarf-with-dsym";
				ENABLE_NS_ASSERTIONS = NO;
				ENABLE_STRICT_OBJC_MSGSEND = YES;
				GCC_C_LANGUAGE_STANDARD = gnu99;
				GCC_NO_COMMON_BLOCKS = YES;
				GCC_WARN_64_TO_32_BIT_CONVERSION = YES;
				GCC_WARN_ABOUT_RETURN_TYPE = YES_ERROR;
				GCC_WARN_UNDECLARED_SELECTOR = YES;
				GCC_WARN_UNINITIALIZED_AUTOS = YES_AGGRESSIVE;
				GCC_WARN_UNUSED_FUNCTION = YES;
				GCC_WARN_UNUSED_VARIABLE = YES;
				IPHONEOS_DEPLOYMENT_TARGET = 9.0;
				MTL_ENABLE_DEBUG_INFO = NO;
				SDKROOT = iphoneos;
				VALIDATE_PRODUCT = YES;
			};
			name = Release;
		};
		D8DD54BB1BDAA16F0052C275 /* Debug */ = {
			isa = XCBuildConfiguration;
			buildSettings = {
				ASSETCATALOG_COMPILER_APPICON_NAME = AppIcon;
				INFOPLIST_FILE = FridayChallengeWeek4/Info.plist;
				LD_RUNPATH_SEARCH_PATHS = "$(inherited) @executable_path/Frameworks";
				PRODUCT_BUNDLE_IDENTIFIER = com.bitlore.FridayChallengeWeek4;
				PRODUCT_NAME = "$(TARGET_NAME)";
			};
			name = Debug;
		};
		D8DD54BC1BDAA16F0052C275 /* Release */ = {
			isa = XCBuildConfiguration;
			buildSettings = {
				ASSETCATALOG_COMPILER_APPICON_NAME = AppIcon;
				INFOPLIST_FILE = FridayChallengeWeek4/Info.plist;
				LD_RUNPATH_SEARCH_PATHS = "$(inherited) @executable_path/Frameworks";
				PRODUCT_BUNDLE_IDENTIFIER = com.bitlore.FridayChallengeWeek4;
				PRODUCT_NAME = "$(TARGET_NAME)";
			};
			name = Release;
		};
		D8DD54BE1BDAA16F0052C275 /* Debug */ = {
			isa = XCBuildConfiguration;
			buildSettings = {
				BUNDLE_LOADER = "$(TEST_HOST)";
				INFOPLIST_FILE = FridayChallengeWeek4Tests/Info.plist;
				LD_RUNPATH_SEARCH_PATHS = "$(inherited) @executable_path/Frameworks @loader_path/Frameworks";
				PRODUCT_BUNDLE_IDENTIFIER = com.bitlore.FridayChallengeWeek4Tests;
				PRODUCT_NAME = "$(TARGET_NAME)";
				TEST_HOST = "$(BUILT_PRODUCTS_DIR)/FridayChallengeWeek4.app/FridayChallengeWeek4";
			};
			name = Debug;
		};
		D8DD54BF1BDAA16F0052C275 /* Release */ = {
			isa = XCBuildConfiguration;
			buildSettings = {
				BUNDLE_LOADER = "$(TEST_HOST)";
				INFOPLIST_FILE = FridayChallengeWeek4Tests/Info.plist;
				LD_RUNPATH_SEARCH_PATHS = "$(inherited) @executable_path/Frameworks @loader_path/Frameworks";
				PRODUCT_BUNDLE_IDENTIFIER = com.bitlore.FridayChallengeWeek4Tests;
				PRODUCT_NAME = "$(TARGET_NAME)";
				TEST_HOST = "$(BUILT_PRODUCTS_DIR)/FridayChallengeWeek4.app/FridayChallengeWeek4";
			};
			name = Release;
		};
		D8DD54C11BDAA16F0052C275 /* Debug */ = {
			isa = XCBuildConfiguration;
			buildSettings = {
				INFOPLIST_FILE = FridayChallengeWeek4UITests/Info.plist;
				LD_RUNPATH_SEARCH_PATHS = "$(inherited) @executable_path/Frameworks @loader_path/Frameworks";
				PRODUCT_BUNDLE_IDENTIFIER = com.bitlore.FridayChallengeWeek4UITests;
				PRODUCT_NAME = "$(TARGET_NAME)";
				TEST_TARGET_NAME = FridayChallengeWeek4;
				USES_XCTRUNNER = YES;
			};
			name = Debug;
		};
		D8DD54C21BDAA16F0052C275 /* Release */ = {
			isa = XCBuildConfiguration;
			buildSettings = {
				INFOPLIST_FILE = FridayChallengeWeek4UITests/Info.plist;
				LD_RUNPATH_SEARCH_PATHS = "$(inherited) @executable_path/Frameworks @loader_path/Frameworks";
				PRODUCT_BUNDLE_IDENTIFIER = com.bitlore.FridayChallengeWeek4UITests;
				PRODUCT_NAME = "$(TARGET_NAME)";
				TEST_TARGET_NAME = FridayChallengeWeek4;
				USES_XCTRUNNER = YES;
			};
			name = Release;
		};
/* End XCBuildConfiguration section */

/* Begin XCConfigurationList section */
		D8DD54881BDAA16F0052C275 /* Build configuration list for PBXProject "FridayChallengeWeek4" */ = {
			isa = XCConfigurationList;
			buildConfigurations = (
				D8DD54B81BDAA16F0052C275 /* Debug */,
				D8DD54B91BDAA16F0052C275 /* Release */,
			);
			defaultConfigurationIsVisible = 0;
			defaultConfigurationName = Release;
		};
		D8DD54BA1BDAA16F0052C275 /* Build configuration list for PBXNativeTarget "FridayChallengeWeek4" */ = {
			isa = XCConfigurationList;
			buildConfigurations = (
				D8DD54BB1BDAA16F0052C275 /* Debug */,
				D8DD54BC1BDAA16F0052C275 /* Release */,
			);
			defaultConfigurationIsVisible = 0;
			defaultConfigurationName = Release;
		};
		D8DD54BD1BDAA16F0052C275 /* Build configuration list for PBXNativeTarget "FridayChallengeWeek4Tests" */ = {
			isa = XCConfigurationList;
			buildConfigurations = (
				D8DD54BE1BDAA16F0052C275 /* Debug */,
				D8DD54BF1BDAA16F0052C275 /* Release */,
			);
			defaultConfigurationIsVisible = 0;
			defaultConfigurationName = Release;
		};
		D8DD54C01BDAA16F0052C275 /* Build configuration list for PBXNativeTarget "FridayChallengeWeek4UITests" */ = {
			isa = XCConfigurationList;
			buildConfigurations = (
				D8DD54C11BDAA16F0052C275 /* Debug */,
				D8DD54C21BDAA16F0052C275 /* Release */,
			);
			defaultConfigurationIsVisible = 0;
			defaultConfigurationName = Release;
		};
/* End XCConfigurationList section */
	};
	rootObject = D8DD54851BDAA16F0052C275 /* Project object */;
}
